
Microsoft Visual Studio Solution File, Format Version 12.00
# Visual Studio Version 16
VisualStudioVersion = 16.0.29609.76
MinimumVisualStudioVersion = 10.0.40219.1
Project("{FAE04EC0-301F-11D3-BF4B-00C04F79EFBC}") = "TpBoucle", "TpBoucle\TpBoucle.csproj", "{757B0194-8600-4587-A347-BE2508450B29}"
EndProject
Global
	GlobalSection(SolutionConfigurationPlatforms) = preSolution
		Debug|Any CPU = Debug|Any CPU
		Release|Any CPU = Release|Any CPU
	EndGlobalSection
	GlobalSection(ProjectConfigurationPlatforms) = postSolution
		{757B0194-8600-4587-A347-BE2508450B29}.Debug|Any CPU.ActiveCfg = Debug|Any CPU
		{757B0194-8600-4587-A347-BE2508450B29}.Debug|Any CPU.Build.0 = Debug|Any CPU
		{757B0194-8600-4587-A347-BE2508450B29}.Release|Any CPU.ActiveCfg = Release|Any CPU
		{757B0194-8600-4587-A347-BE2508450B29}.Release|Any CPU.Build.0 = Release|Any CPU
	EndGlobalSection
	GlobalSection(SolutionProperties) = preSolution
		HideSolutionNode = FALSE
	EndGlobalSection
	GlobalSection(ExtensibilityGlobals) = postSolution
		SolutionGuid = {0E17470A-421C-4CE6-977C-206CEF7C3CEA}
	EndGlobalSection
EndGlobal
